# This file is automatically @generated by Cargo.
# It is not intended for manual editing.
version = 3

[[package]]
name = "ring"
version = "0.17.8"
source = "registry+https://github.com/rust-lang/crates.io-index"
checksum = "fake-checksum-for-vuln-by-design-fixture-0001"

[[package]]
name = "rustls"
version = "0.23.10"
source = "registry+https://github.com/rust-lang/crates.io-index"
checksum = "fake-checksum-for-vuln-by-design-fixture-0002"

[[package]]
name = "aes-gcm"
version = "0.10.3"
source = "registry+https://github.com/rust-lang/crates.io-index"
checksum = "fake-checksum-for-vuln-by-design-fixture-0003"

[[package]]
name = "ed25519-dalek"
version = "2.1.1"
source = "registry+https://github.com/rust-lang/crates.io-index"
checksum = "fake-checksum-for-vuln-by-design-fixture-0004"

[[package]]
name = "sha2"
version = "0.10.8"
source = "registry+https://github.com/rust-lang/crates.io-index"
checksum = "fake-checksum-for-vuln-by-design-fixture-0005"

[[package]]
name = "argon2"
version = "0.5.3"
source = "registry+https://github.com/rust-lang/crates.io-index"
checksum = "fake-checksum-for-vuln-by-design-fixture-0006"

[[package]]
name = "rsa"
version = "0.9.6"
source = "registry+https://github.com/rust-lang/crates.io-index"
checksum = "fake-checksum-for-vuln-by-design-fixture-0007"

[[package]]
name = "serde"
version = "1.0.197"
source = "registry+https://github.com/rust-lang/crates.io-index"
checksum = "fake-checksum-for-vuln-by-design-fixture-0008"

[[package]]
name = "tokio"
version = "1.37.0"
source = "registry+https://github.com/rust-lang/crates.io-index"
checksum = "fake-checksum-for-vuln-by-design-fixture-0009"
